
Microsoft Visual Studio Solution File, Format Version 12.00
# Visual Studio Version 16
VisualStudioVersion = 16.0.30114.105
MinimumVisualStudioVersion = 10.0.40219.1
Project("{FAE04EC0-301F-11D3-BF4B-00C04F79EFBC}") = "UnitTestProject1", "UnitTestProject1.csproj", "{7CE074C1-39D4-4341-B9AD-208A209A4E87}"
EndProject
Global
	GlobalSection(SolutionConfigurationPlatforms) = preSolution
		Debug|Any CPU = Debug|Any CPU
		Release|Any CPU = Release|Any CPU
	EndGlobalSection
	GlobalSection(ProjectConfigurationPlatforms) = postSolution
		{7CE074C1-39D4-4341-B9AD-208A209A4E87}.Debug|Any CPU.ActiveCfg = Debug|Any CPU
		{7CE074C1-39D4-4341-B9AD-208A209A4E87}.Debug|Any CPU.Build.0 = Debug|Any CPU
		{7CE074C1-39D4-4341-B9AD-208A209A4E87}.Release|Any CPU.ActiveCfg = Release|Any CPU
		{7CE074C1-39D4-4341-B9AD-208A209A4E87}.Release|Any CPU.Build.0 = Release|Any CPU
	EndGlobalSection
	GlobalSection(SolutionProperties) = preSolution
		HideSolutionNode = FALSE
	EndGlobalSection
	GlobalSection(ExtensibilityGlobals) = postSolution
		SolutionGuid = {0B306756-DBF6-4972-B1C6-270B8437102D}
	EndGlobalSection
EndGlobal
